
Microsoft Visual Studio Solution File, Format Version 12.00
# Visual Studio Version 17
VisualStudioVersion = 17.3.32929.385
MinimumVisualStudioVersion = 10.0.40219.1
Project("{FAE04EC0-301F-11D3-BF4B-00C04F79EFBC}") = "DemoDoAn", "DemoDoAn\DemoDoAn.csproj", "{6776B1E7-EC22-4CAB-BE01-2FF40C4B6791}"
EndProject
Global
	GlobalSection(SolutionConfigurationPlatforms) = preSolution
		Debug|Any CPU = Debug|Any CPU
		Release|Any CPU = Release|Any CPU
	EndGlobalSection
	GlobalSection(ProjectConfigurationPlatforms) = postSolution
		{6776B1E7-EC22-4CAB-BE01-2FF40C4B6791}.Debug|Any CPU.ActiveCfg = Debug|Any CPU
		{6776B1E7-EC22-4CAB-BE01-2FF40C4B6791}.Debug|Any CPU.Build.0 = Debug|Any CPU
		{6776B1E7-EC22-4CAB-BE01-2FF40C4B6791}.Release|Any CPU.ActiveCfg = Release|Any CPU
		{6776B1E7-EC22-4CAB-BE01-2FF40C4B6791}.Release|Any CPU.Build.0 = Release|Any CPU
	EndGlobalSection
	GlobalSection(SolutionProperties) = preSolution
		HideSolutionNode = FALSE
	EndGlobalSection
	GlobalSection(ExtensibilityGlobals) = postSolution
		SolutionGuid = {B0C63BA8-E8CE-4A4F-827B-4B25F8F23853}
	EndGlobalSection
EndGlobal
